
Microsoft Visual Studio Solution File, Format Version 12.00
# Visual Studio 2012
Project("{FAE04EC0-301F-11D3-BF4B-00C04F79EFBC}") = "HuginSampleService", "HuginSampleService\HuginSampleService.csproj", "{52BD8225-7A0B-4E7A-892F-C12463319BEF}"
EndProject
Global
	GlobalSection(SolutionConfigurationPlatforms) = preSolution
		Debug|Any CPU = Debug|Any CPU
		Release|Any CPU = Release|Any CPU
	EndGlobalSection
	GlobalSection(ProjectConfigurationPlatforms) = postSolution
		{52BD8225-7A0B-4E7A-892F-C12463319BEF}.Debug|Any CPU.ActiveCfg = Debug|Any CPU
		{52BD8225-7A0B-4E7A-892F-C12463319BEF}.Debug|Any CPU.Build.0 = Debug|Any CPU
		{52BD8225-7A0B-4E7A-892F-C12463319BEF}.Release|Any CPU.ActiveCfg = Release|Any CPU
		{52BD8225-7A0B-4E7A-892F-C12463319BEF}.Release|Any CPU.Build.0 = Release|Any CPU
	EndGlobalSection
	GlobalSection(SolutionProperties) = preSolution
		HideSolutionNode = FALSE
	EndGlobalSection
EndGlobal
